// !$*UTF8*$!
{
	archiveVersion = 1;
	classes = {
	};
	objectVersion = 48;
	objects = {

/* Begin PBXBuildFile section */
		6408FD7A20143E1100C80F7A /* MajorityElement2.swift in Sources */ = {isa = PBXBuildFile; fileRef = 6408FD7920143E1100C80F7A /* MajorityElement2.swift */; };
		6408FD7C20145A8E00C80F7A /* IntersectionOfTwoArrays.swift in Sources */ = {isa = PBXBuildFile; fileRef = 6408FD7B20145A8E00C80F7A /* IntersectionOfTwoArrays.swift */; };
		6408FD7E20145B4A00C80F7A /* IntersectionOfTwoArrays2.swift in Sources */ = {isa = PBXBuildFile; fileRef = 6408FD7D20145B4A00C80F7A /* IntersectionOfTwoArrays2.swift */; };
		6408FD8020157FB600C80F7A /* ContainsDuplicate.swift in Sources */ = {isa = PBXBuildFile; fileRef = 6408FD7F20157FB600C80F7A /* ContainsDuplicate.swift */; };
		647C2F6C205376F2000ABB35 /* ContainsDuplicate2.swift in Sources */ = {isa = PBXBuildFile; fileRef = 647C2F6B205376F2000ABB35 /* ContainsDuplicate2.swift */; };
		647C2F6E205378F0000ABB35 /* RemoveDuplicatesFromSortedArray.swift in Sources */ = {isa = PBXBuildFile; fileRef = 647C2F6D205378F0000ABB35 /* RemoveDuplicatesFromSortedArray.swift */; };
		647C2F7020537BB3000ABB35 /* RemoveDuplicatesFromSortedArray2.swift in Sources */ = {isa = PBXBuildFile; fileRef = 647C2F6F20537BB3000ABB35 /* RemoveDuplicatesFromSortedArray2.swift */; };
		647C2F7220537DE8000ABB35 /* MoveZeroes.swift in Sources */ = {isa = PBXBuildFile; fileRef = 647C2F7120537DE8000ABB35 /* MoveZeroes.swift */; };
		647C2F74205381EF000ABB35 /* RemoveElement.swift in Sources */ = {isa = PBXBuildFile; fileRef = 647C2F73205381EF000ABB35 /* RemoveElement.swift */; };
		647C2F762053825A000ABB35 /* TwoSum.swift in Sources */ = {isa = PBXBuildFile; fileRef = 647C2F752053825A000ABB35 /* TwoSum.swift */; };
		647C2F78205383D9000ABB35 /* 3Sum.swift in Sources */ = {isa = PBXBuildFile; fileRef = 647C2F77205383D9000ABB35 /* 3Sum.swift */; };
		64D8543E2012D6000080F697 /* AppDelegate.swift in Sources */ = {isa = PBXBuildFile; fileRef = 64D8543D2012D6000080F697 /* AppDelegate.swift */; };
		64D854402012D6000080F697 /* ViewController.swift in Sources */ = {isa = PBXBuildFile; fileRef = 64D8543F2012D6000080F697 /* ViewController.swift */; };
		64D854432012D6000080F697 /* Main.storyboard in Resources */ = {isa = PBXBuildFile; fileRef = 64D854412012D6000080F697 /* Main.storyboard */; };
		64D854452012D6000080F697 /* Assets.xcassets in Resources */ = {isa = PBXBuildFile; fileRef = 64D854442012D6000080F697 /* Assets.xcassets */; };
		64D854482012D6000080F697 /* LaunchScreen.storyboard in Resources */ = {isa = PBXBuildFile; fileRef = 64D854462012D6000080F697 /* LaunchScreen.storyboard */; };
		64D854512012D8130080F697 /* MaxConsecutiveOnes.swift in Sources */ = {isa = PBXBuildFile; fileRef = 64D854502012D8130080F697 /* MaxConsecutiveOnes.swift */; };
		64D854532012DBCE0080F697 /* Heaters.swift in Sources */ = {isa = PBXBuildFile; fileRef = 64D854522012DBCE0080F697 /* Heaters.swift */; };
		64D854552012F2460080F697 /* NumberOfBoomerangs.swift in Sources */ = {isa = PBXBuildFile; fileRef = 64D854542012F2460080F697 /* NumberOfBoomerangs.swift */; };
		64D85457201318E00080F697 /* IslandPerimeter.swift in Sources */ = {isa = PBXBuildFile; fileRef = 64D85456201318E00080F697 /* IslandPerimeter.swift */; };
		64D8545920132F6D0080F697 /* MajorityElement.swift in Sources */ = {isa = PBXBuildFile; fileRef = 64D8545820132F6D0080F697 /* MajorityElement.swift */; };
/* End PBXBuildFile section */

/* Begin PBXFileReference section */
		6408FD7920143E1100C80F7A /* MajorityElement2.swift */ = {isa = PBXFileReference; lastKnownFileType = sourcecode.swift; path = MajorityElement2.swift; sourceTree = "<group>"; };
		6408FD7B20145A8E00C80F7A /* IntersectionOfTwoArrays.swift */ = {isa = PBXFileReference; lastKnownFileType = sourcecode.swift; path = IntersectionOfTwoArrays.swift; sourceTree = "<group>"; };
		6408FD7D20145B4A00C80F7A /* IntersectionOfTwoArrays2.swift */ = {isa = PBXFileReference; lastKnownFileType = sourcecode.swift; path = IntersectionOfTwoArrays2.swift; sourceTree = "<group>"; };
		6408FD7F20157FB600C80F7A /* ContainsDuplicate.swift */ = {isa = PBXFileReference; lastKnownFileType = sourcecode.swift; path = ContainsDuplicate.swift; sourceTree = "<group>"; };
		647C2F6B205376F2000ABB35 /* ContainsDuplicate2.swift */ = {isa = PBXFileReference; lastKnownFileType = sourcecode.swift; path = ContainsDuplicate2.swift; sourceTree = "<group>"; };
		647C2F6D205378F0000ABB35 /* RemoveDuplicatesFromSortedArray.swift */ = {isa = PBXFileReference; lastKnownFileType = sourcecode.swift; path = RemoveDuplicatesFromSortedArray.swift; sourceTree = "<group>"; };
		647C2F6F20537BB3000ABB35 /* RemoveDuplicatesFromSortedArray2.swift */ = {isa = PBXFileReference; lastKnownFileType = sourcecode.swift; path = RemoveDuplicatesFromSortedArray2.swift; sourceTree = "<group>"; };
		647C2F7120537DE8000ABB35 /* MoveZeroes.swift */ = {isa = PBXFileReference; lastKnownFileType = sourcecode.swift; path = MoveZeroes.swift; sourceTree = "<group>"; };
		647C2F73205381EF000ABB35 /* RemoveElement.swift */ = {isa = PBXFileReference; lastKnownFileType = sourcecode.swift; path = RemoveElement.swift; sourceTree = "<group>"; };
		647C2F752053825A000ABB35 /* TwoSum.swift */ = {isa = PBXFileReference; lastKnownFileType = sourcecode.swift; path = TwoSum.swift; sourceTree = "<group>"; };
		647C2F77205383D9000ABB35 /* 3Sum.swift */ = {isa = PBXFileReference; lastKnownFileType = sourcecode.swift; path = 3Sum.swift; sourceTree = "<group>"; };
		64D8543A2012D6000080F697 /* LeetCode.app */ = {isa = PBXFileReference; explicitFileType = wrapper.application; includeInIndex = 0; path = LeetCode.app; sourceTree = BUILT_PRODUCTS_DIR; };
		64D8543D2012D6000080F697 /* AppDelegate.swift */ = {isa = PBXFileReference; lastKnownFileType = sourcecode.swift; path = AppDelegate.swift; sourceTree = "<group>"; };
		64D8543F2012D6000080F697 /* ViewController.swift */ = {isa = PBXFileReference; lastKnownFileType = sourcecode.swift; path = ViewController.swift; sourceTree = "<group>"; };
		64D854422012D6000080F697 /* Base */ = {isa = PBXFileReference; lastKnownFileType = file.storyboard; name = Base; path = Base.lproj/Main.storyboard; sourceTree = "<group>"; };
		64D854442012D6000080F697 /* Assets.xcassets */ = {isa = PBXFileReference; lastKnownFileType = folder.assetcatalog; path = Assets.xcassets; sourceTree = "<group>"; };
		64D854472012D6000080F697 /* Base */ = {isa = PBXFileReference; lastKnownFileType = file.storyboard; name = Base; path = Base.lproj/LaunchScreen.storyboard; sourceTree = "<group>"; };
		64D854492012D6000080F697 /* Info.plist */ = {isa = PBXFileReference; lastKnownFileType = text.plist.xml; path = Info.plist; sourceTree = "<group>"; };
		64D854502012D8130080F697 /* MaxConsecutiveOnes.swift */ = {isa = PBXFileReference; lastKnownFileType = sourcecode.swift; path = MaxConsecutiveOnes.swift; sourceTree = "<group>"; };
		64D854522012DBCE0080F697 /* Heaters.swift */ = {isa = PBXFileReference; lastKnownFileType = sourcecode.swift; path = Heaters.swift; sourceTree = "<group>"; };
		64D854542012F2460080F697 /* NumberOfBoomerangs.swift */ = {isa = PBXFileReference; lastKnownFileType = sourcecode.swift; path = NumberOfBoomerangs.swift; sourceTree = "<group>"; };
		64D85456201318E00080F697 /* IslandPerimeter.swift */ = {isa = PBXFileReference; lastKnownFileType = sourcecode.swift; path = IslandPerimeter.swift; sourceTree = "<group>"; };
		64D8545820132F6D0080F697 /* MajorityElement.swift */ = {isa = PBXFileReference; lastKnownFileType = sourcecode.swift; path = MajorityElement.swift; sourceTree = "<group>"; };
/* End PBXFileReference section */

/* Begin PBXFrameworksBuildPhase section */
		64D854372012D6000080F697 /* Frameworks */ = {
			isa = PBXFrameworksBuildPhase;
			buildActionMask = 2147483647;
			files = (
			);
			runOnlyForDeploymentPostprocessing = 0;
		};
/* End PBXFrameworksBuildPhase section */

/* Begin PBXGroup section */
		6408FD8120157FBD00C80F7A /* Easy */ = {
			isa = PBXGroup;
			children = (
				6408FD7B20145A8E00C80F7A /* IntersectionOfTwoArrays.swift */,
				6408FD7D20145B4A00C80F7A /* IntersectionOfTwoArrays2.swift */,
				64D854502012D8130080F697 /* MaxConsecutiveOnes.swift */,
				64D854522012DBCE0080F697 /* Heaters.swift */,
				64D854542012F2460080F697 /* NumberOfBoomerangs.swift */,
				64D85456201318E00080F697 /* IslandPerimeter.swift */,
				64D8545820132F6D0080F697 /* MajorityElement.swift */,
				6408FD7F20157FB600C80F7A /* ContainsDuplicate.swift */,
				647C2F6B205376F2000ABB35 /* ContainsDuplicate2.swift */,
				647C2F6D205378F0000ABB35 /* RemoveDuplicatesFromSortedArray.swift */,
				647C2F7120537DE8000ABB35 /* MoveZeroes.swift */,
				647C2F73205381EF000ABB35 /* RemoveElement.swift */,
				647C2F752053825A000ABB35 /* TwoSum.swift */,
			);
			path = Easy;
			sourceTree = "<group>";
		};
		6408FD8220157FCC00C80F7A /* Medium */ = {
			isa = PBXGroup;
			children = (
				6408FD7920143E1100C80F7A /* MajorityElement2.swift */,
				647C2F6F20537BB3000ABB35 /* RemoveDuplicatesFromSortedArray2.swift */,
				647C2F77205383D9000ABB35 /* 3Sum.swift */,
			);
			path = Medium;
			sourceTree = "<group>";
		};
		64D854312012D6000080F697 = {
			isa = PBXGroup;
			children = (
				64D8543C2012D6000080F697 /* LeetCode */,
				64D8543B2012D6000080F697 /* Products */,
			);
			sourceTree = "<group>";
		};
		64D8543B2012D6000080F697 /* Products */ = {
			isa = PBXGroup;
			children = (
				64D8543A2012D6000080F697 /* LeetCode.app */,
			);
			name = Products;
			sourceTree = "<group>";
		};
		64D8543C2012D6000080F697 /* LeetCode */ = {
			isa = PBXGroup;
			children = (
				64D8544F2012D7FD0080F697 /* Array */,
				64D8543D2012D6000080F697 /* AppDelegate.swift */,
				64D8543F2012D6000080F697 /* ViewController.swift */,
				64D854412012D6000080F697 /* Main.storyboard */,
				64D854442012D6000080F697 /* Assets.xcassets */,
				64D854462012D6000080F697 /* LaunchScreen.storyboard */,
				64D854492012D6000080F697 /* Info.plist */,
			);
			path = LeetCode;
			sourceTree = "<group>";
		};
		64D8544F2012D7FD0080F697 /* Array */ = {
			isa = PBXGroup;
			children = (
				6408FD8120157FBD00C80F7A /* Easy */,
				6408FD8220157FCC00C80F7A /* Medium */,
			);
			path = Array;
			sourceTree = "<group>";
		};
/* End PBXGroup section */

/* Begin PBXNativeTarget section */
		64D854392012D6000080F697 /* LeetCode */ = {
			isa = PBXNativeTarget;
			buildConfigurationList = 64D8544C2012D6000080F697 /* Build configuration list for PBXNativeTarget "LeetCode" */;
			buildPhases = (
				64D854362012D6000080F697 /* Sources */,
				64D854372012D6000080F697 /* Frameworks */,
				64D854382012D6000080F697 /* Resources */,
			);
			buildRules = (
			);
			dependencies = (
			);
			name = LeetCode;
			productName = LeetCode;
			productReference = 64D8543A2012D6000080F697 /* LeetCode.app */;
			productType = "com.apple.product-type.application";
		};
/* End PBXNativeTarget section */

/* Begin PBXProject section */
		64D854322012D6000080F697 /* Project object */ = {
			isa = PBXProject;
			attributes = {
				LastSwiftUpdateCheck = 0920;
				LastUpgradeCheck = 0920;
				ORGANIZATIONNAME = "Keith Lee";
				TargetAttributes = {
					64D854392012D6000080F697 = {
						CreatedOnToolsVersion = 9.2;
						ProvisioningStyle = Automatic;
					};
				};
			};
			buildConfigurationList = 64D854352012D6000080F697 /* Build configuration list for PBXProject "LeetCode" */;
			compatibilityVersion = "Xcode 8.0";
			developmentRegion = en;
			hasScannedForEncodings = 0;
			knownRegions = (
				en,
				Base,
			);
			mainGroup = 64D854312012D6000080F697;
			productRefGroup = 64D8543B2012D6000080F697 /* Products */;
			projectDirPath = "";
			projectRoot = "";
			targets = (
				64D854392012D6000080F697 /* LeetCode */,
			);
		};
/* End PBXProject section */

/* Begin PBXResourcesBuildPhase section */
		64D854382012D6000080F697 /* Resources */ = {
			isa = PBXResourcesBuildPhase;
			buildActionMask = 2147483647;
			files = (
				64D854482012D6000080F697 /* LaunchScreen.storyboard in Resources */,
				64D854452012D6000080F697 /* Assets.xcassets in Resources */,
				64D854432012D6000080F697 /* Main.storyboard in Resources */,
			);
			runOnlyForDeploymentPostprocessing = 0;
		};
/* End PBXResourcesBuildPhase section */

/* Begin PBXSourcesBuildPhase section */
		64D854362012D6000080F697 /* Sources */ = {
			isa = PBXSourcesBuildPhase;
			buildActionMask = 2147483647;
			files = (
				6408FD7C20145A8E00C80F7A /* IntersectionOfTwoArrays.swift in Sources */,
				64D854532012DBCE0080F697 /* Heaters.swift in Sources */,
				64D854402012D6000080F697 /* ViewController.swift in Sources */,
				647C2F7020537BB3000ABB35 /* RemoveDuplicatesFromSortedArray2.swift in Sources */,
				64D8543E2012D6000080F697 /* AppDelegate.swift in Sources */,
				64D8545920132F6D0080F697 /* MajorityElement.swift in Sources */,
				647C2F74205381EF000ABB35 /* RemoveElement.swift in Sources */,
				6408FD7A20143E1100C80F7A /* MajorityElement2.swift in Sources */,
				64D85457201318E00080F697 /* IslandPerimeter.swift in Sources */,
				647C2F6C205376F2000ABB35 /* ContainsDuplicate2.swift in Sources */,
				6408FD7E20145B4A00C80F7A /* IntersectionOfTwoArrays2.swift in Sources */,
				647C2F78205383D9000ABB35 /* 3Sum.swift in Sources */,
				647C2F762053825A000ABB35 /* TwoSum.swift in Sources */,
				6408FD8020157FB600C80F7A /* ContainsDuplicate.swift in Sources */,
				64D854512012D8130080F697 /* MaxConsecutiveOnes.swift in Sources */,
				647C2F7220537DE8000ABB35 /* MoveZeroes.swift in Sources */,
				64D854552012F2460080F697 /* NumberOfBoomerangs.swift in Sources */,
				647C2F6E205378F0000ABB35 /* RemoveDuplicatesFromSortedArray.swift in Sources */,
			);
			runOnlyForDeploymentPostprocessing = 0;
		};
/* End PBXSourcesBuildPhase section */

/* Begin PBXVariantGroup section */
		64D854412012D6000080F697 /* Main.storyboard */ = {
			isa = PBXVariantGroup;
			children = (
				64D854422012D6000080F697 /* Base */,
			);
			name = Main.storyboard;
			sourceTree = "<group>";
		};
		64D854462012D6000080F697 /* LaunchScreen.storyboard */ = {
			isa = PBXVariantGroup;
			children = (
				64D854472012D6000080F697 /* Base */,
			);
			name = LaunchScreen.storyboard;
			sourceTree = "<group>";
		};
/* End PBXVariantGroup section */

/* Begin XCBuildConfiguration section */
		64D8544A2012D6000080F697 /* Debug */ = {
			isa = XCBuildConfiguration;
			buildSettings = {
				ALWAYS_SEARCH_USER_PATHS = NO;
				CLANG_ANALYZER_NONNULL = YES;
				CLANG_ANALYZER_NUMBER_OBJECT_CONVERSION = YES_AGGRESSIVE;
				CLANG_CXX_LANGUAGE_STANDARD = "gnu++14";
				CLANG_CXX_LIBRARY = "libc++";
				CLANG_ENABLE_MODULES = YES;
				CLANG_ENABLE_OBJC_ARC = YES;
				CLANG_WARN_BLOCK_CAPTURE_AUTORELEASING = YES;
				CLANG_WARN_BOOL_CONVERSION = YES;
				CLANG_WARN_COMMA = YES;
				CLANG_WARN_CONSTANT_CONVERSION = YES;
				CLANG_WARN_DIRECT_OBJC_ISA_USAGE = YES_ERROR;
				CLANG_WARN_DOCUMENTATION_COMMENTS = YES;
				CLANG_WARN_EMPTY_BODY = YES;
				CLANG_WARN_ENUM_CONVERSION = YES;
				CLANG_WARN_INFINITE_RECURSION = YES;
				CLANG_WARN_INT_CONVERSION = YES;
				CLANG_WARN_NON_LITERAL_NULL_CONVERSION = YES;
				CLANG_WARN_OBJC_LITERAL_CONVERSION = YES;
				CLANG_WARN_OBJC_ROOT_CLASS = YES_ERROR;
				CLANG_WARN_RANGE_LOOP_ANALYSIS = YES;
				CLANG_WARN_STRICT_PROTOTYPES = YES;
				CLANG_WARN_SUSPICIOUS_MOVE = YES;
				CLANG_WARN_UNGUARDED_AVAILABILITY = YES_AGGRESSIVE;
				CLANG_WARN_UNREACHABLE_CODE = YES;
				CLANG_WARN__DUPLICATE_METHOD_MATCH = YES;
				CODE_SIGN_IDENTITY = "iPhone Developer";
				COPY_PHASE_STRIP = NO;
				DEBUG_INFORMATION_FORMAT = dwarf;
				ENABLE_STRICT_OBJC_MSGSEND = YES;
				ENABLE_TESTABILITY = YES;
				GCC_C_LANGUAGE_STANDARD = gnu11;
				GCC_DYNAMIC_NO_PIC = NO;
				GCC_NO_COMMON_BLOCKS = YES;
				GCC_OPTIMIZATION_LEVEL = 0;
				GCC_PREPROCESSOR_DEFINITIONS = (
					"DEBUG=1",
					"$(inherited)",
				);
				GCC_WARN_64_TO_32_BIT_CONVERSION = YES;
				GCC_WARN_ABOUT_RETURN_TYPE = YES_ERROR;
				GCC_WARN_UNDECLARED_SELECTOR = YES;
				GCC_WARN_UNINITIALIZED_AUTOS = YES_AGGRESSIVE;
				GCC_WARN_UNUSED_FUNCTION = YES;
				GCC_WARN_UNUSED_VARIABLE = YES;
				IPHONEOS_DEPLOYMENT_TARGET = 11.2;
				MTL_ENABLE_DEBUG_INFO = YES;
				ONLY_ACTIVE_ARCH = YES;
				SDKROOT = iphoneos;
				SWIFT_ACTIVE_COMPILATION_CONDITIONS = DEBUG;
				SWIFT_OPTIMIZATION_LEVEL = "-Onone";
			};
			name = Debug;
		};
		64D8544B2012D6000080F697 /* Release */ = {
			isa = XCBuildConfiguration;
			buildSettings = {
				ALWAYS_SEARCH_USER_PATHS = NO;
				CLANG_ANALYZER_NONNULL = YES;
				CLANG_ANALYZER_NUMBER_OBJECT_CONVERSION = YES_AGGRESSIVE;
				CLANG_CXX_LANGUAGE_STANDARD = "gnu++14";
				CLANG_CXX_LIBRARY = "libc++";
				CLANG_ENABLE_MODULES = YES;
				CLANG_ENABLE_OBJC_ARC = YES;
				CLANG_WARN_BLOCK_CAPTURE_AUTORELEASING = YES;
				CLANG_WARN_BOOL_CONVERSION = YES;
				CLANG_WARN_COMMA = YES;
				CLANG_WARN_CONSTANT_CONVERSION = YES;
				CLANG_WARN_DIRECT_OBJC_ISA_USAGE = YES_ERROR;
				CLANG_WARN_DOCUMENTATION_COMMENTS = YES;
				CLANG_WARN_EMPTY_BODY = YES;
				CLANG_WARN_ENUM_CONVERSION = YES;
				CLANG_WARN_INFINITE_RECURSION = YES;
				CLANG_WARN_INT_CONVERSION = YES;
				CLANG_WARN_NON_LITERAL_NULL_CONVERSION = YES;
				CLANG_WARN_OBJC_LITERAL_CONVERSION = YES;
				CLANG_WARN_OBJC_ROOT_CLASS = YES_ERROR;
				CLANG_WARN_RANGE_LOOP_ANALYSIS = YES;
				CLANG_WARN_STRICT_PROTOTYPES = YES;
				CLANG_WARN_SUSPICIOUS_MOVE = YES;
				CLANG_WARN_UNGUARDED_AVAILABILITY = YES_AGGRESSIVE;
				CLANG_WARN_UNREACHABLE_CODE = YES;
				CLANG_WARN__DUPLICATE_METHOD_MATCH = YES;
				CODE_SIGN_IDENTITY = "iPhone Developer";
				COPY_PHASE_STRIP = NO;
				DEBUG_INFORMATION_FORMAT = "dwarf-with-dsym";
				ENABLE_NS_ASSERTIONS = NO;
				ENABLE_STRICT_OBJC_MSGSEND = YES;
				GCC_C_LANGUAGE_STANDARD = gnu11;
				GCC_NO_COMMON_BLOCKS = YES;
				GCC_WARN_64_TO_32_BIT_CONVERSION = YES;
				GCC_WARN_ABOUT_RETURN_TYPE = YES_ERROR;
				GCC_WARN_UNDECLARED_SELECTOR = YES;
				GCC_WARN_UNINITIALIZED_AUTOS = YES_AGGRESSIVE;
				GCC_WARN_UNUSED_FUNCTION = YES;
				GCC_WARN_UNUSED_VARIABLE = YES;
				IPHONEOS_DEPLOYMENT_TARGET = 11.2;
				MTL_ENABLE_DEBUG_INFO = NO;
				SDKROOT = iphoneos;
				SWIFT_OPTIMIZATION_LEVEL = "-Owholemodule";
				VALIDATE_PRODUCT = YES;
			};
			name = Release;
		};
		64D8544D2012D6000080F697 /* Debug */ = {
			isa = XCBuildConfiguration;
			buildSettings = {
				ASSETCATALOG_COMPILER_APPICON_NAME = AppIcon;
				CODE_SIGN_STYLE = Automatic;
				DEVELOPMENT_TEAM = 35K92J26E8;
				INFOPLIST_FILE = LeetCode/Info.plist;
				LD_RUNPATH_SEARCH_PATHS = "$(inherited) @executable_path/Frameworks";
				PRODUCT_BUNDLE_IDENTIFIER = com.kl.LeetCode;
				PRODUCT_NAME = "$(TARGET_NAME)";
				SWIFT_VERSION = 4.0;
				TARGETED_DEVICE_FAMILY = "1,2";
			};
			name = Debug;
		};
		64D8544E2012D6000080F697 /* Release */ = {
			isa = XCBuildConfiguration;
			buildSettings = {
				ASSETCATALOG_COMPILER_APPICON_NAME = AppIcon;
				CODE_SIGN_STYLE = Automatic;
				DEVELOPMENT_TEAM = 35K92J26E8;
				INFOPLIST_FILE = LeetCode/Info.plist;
				LD_RUNPATH_SEARCH_PATHS = "$(inherited) @executable_path/Frameworks";
				PRODUCT_BUNDLE_IDENTIFIER = com.kl.LeetCode;
				PRODUCT_NAME = "$(TARGET_NAME)";
				SWIFT_VERSION = 4.0;
				TARGETED_DEVICE_FAMILY = "1,2";
			};
			name = Release;
		};
/* End XCBuildConfiguration section */

/* Begin XCConfigurationList section */
		64D854352012D6000080F697 /* Build configuration list for PBXProject "LeetCode" */ = {
			isa = XCConfigurationList;
			buildConfigurations = (
				64D8544A2012D6000080F697 /* Debug */,
				64D8544B2012D6000080F697 /* Release */,
			);
			defaultConfigurationIsVisible = 0;
			defaultConfigurationName = Release;
		};
		64D8544C2012D6000080F697 /* Build configuration list for PBXNativeTarget "LeetCode" */ = {
			isa = XCConfigurationList;
			buildConfigurations = (
				64D8544D2012D6000080F697 /* Debug */,
				64D8544E2012D6000080F697 /* Release */,
			);
			defaultConfigurationIsVisible = 0;
			defaultConfigurationName = Release;
		};
/* End XCConfigurationList section */
	};
	rootObject = 64D854322012D6000080F697 /* Project object */;
}
